
Microsoft Visual Studio Solution File, Format Version 12.00
# Visual Studio Version 17
VisualStudioVersion = 17.8.34511.84
MinimumVisualStudioVersion = 10.0.40219.1
Project("{9A19103F-16F7-4668-BE54-9A1E7A4F7556}") = "WebAPI", "InteraktifEgitimPlatformu\WebAPI.csproj", "{F8959B1F-EAB3-4B01-9348-CEFCFBD09DC5}"
EndProject
Project("{9A19103F-16F7-4668-BE54-9A1E7A4F7556}") = "DataAcces", "DataAcces\DataAcces.csproj", "{D7C6E5F6-3A98-4048-829E-AACFE4ED4D40}"
EndProject
Project("{9A19103F-16F7-4668-BE54-9A1E7A4F7556}") = "Core", "Core\Core.csproj", "{ED2199B8-0C8C-4A0E-8839-5EE0D0EA9DD4}"
EndProject
Project("{9A19103F-16F7-4668-BE54-9A1E7A4F7556}") = "Service", "Service\Service.csproj", "{B0392890-BB69-4761-AD1A-3546E8E28799}"
EndProject
Project("{FAE04EC0-301F-11D3-BF4B-00C04F79EFBC}") = "Shared", "Shared\Shared.csproj", "{3DA3B515-315B-43F0-9AF4-CCE0E0E0C364}"
EndProject
Global
	GlobalSection(SolutionConfigurationPlatforms) = preSolution
		Debug|Any CPU = Debug|Any CPU
		Release|Any CPU = Release|Any CPU
	EndGlobalSection
	GlobalSection(ProjectConfigurationPlatforms) = postSolution
		{F8959B1F-EAB3-4B01-9348-CEFCFBD09DC5}.Debug|Any CPU.ActiveCfg = Debug|Any CPU
		{F8959B1F-EAB3-4B01-9348-CEFCFBD09DC5}.Debug|Any CPU.Build.0 = Debug|Any CPU
		{F8959B1F-EAB3-4B01-9348-CEFCFBD09DC5}.Release|Any CPU.ActiveCfg = Release|Any CPU
		{F8959B1F-EAB3-4B01-9348-CEFCFBD09DC5}.Release|Any CPU.Build.0 = Release|Any CPU
		{D7C6E5F6-3A98-4048-829E-AACFE4ED4D40}.Debug|Any CPU.ActiveCfg = Debug|Any CPU
		{D7C6E5F6-3A98-4048-829E-AACFE4ED4D40}.Debug|Any CPU.Build.0 = Debug|Any CPU
		{D7C6E5F6-3A98-4048-829E-AACFE4ED4D40}.Release|Any CPU.ActiveCfg = Release|Any CPU
		{D7C6E5F6-3A98-4048-829E-AACFE4ED4D40}.Release|Any CPU.Build.0 = Release|Any CPU
		{ED2199B8-0C8C-4A0E-8839-5EE0D0EA9DD4}.Debug|Any CPU.ActiveCfg = Debug|Any CPU
		{ED2199B8-0C8C-4A0E-8839-5EE0D0EA9DD4}.Debug|Any CPU.Build.0 = Debug|Any CPU
		{ED2199B8-0C8C-4A0E-8839-5EE0D0EA9DD4}.Release|Any CPU.ActiveCfg = Release|Any CPU
		{ED2199B8-0C8C-4A0E-8839-5EE0D0EA9DD4}.Release|Any CPU.Build.0 = Release|Any CPU
		{B0392890-BB69-4761-AD1A-3546E8E28799}.Debug|Any CPU.ActiveCfg = Debug|Any CPU
		{B0392890-BB69-4761-AD1A-3546E8E28799}.Debug|Any CPU.Build.0 = Debug|Any CPU
		{B0392890-BB69-4761-AD1A-3546E8E28799}.Release|Any CPU.ActiveCfg = Release|Any CPU
		{B0392890-BB69-4761-AD1A-3546E8E28799}.Release|Any CPU.Build.0 = Release|Any CPU
		{3DA3B515-315B-43F0-9AF4-CCE0E0E0C364}.Debug|Any CPU.ActiveCfg = Debug|Any CPU
		{3DA3B515-315B-43F0-9AF4-CCE0E0E0C364}.Debug|Any CPU.Build.0 = Debug|Any CPU
		{3DA3B515-315B-43F0-9AF4-CCE0E0E0C364}.Release|Any CPU.ActiveCfg = Release|Any CPU
		{3DA3B515-315B-43F0-9AF4-CCE0E0E0C364}.Release|Any CPU.Build.0 = Release|Any CPU
	EndGlobalSection
	GlobalSection(SolutionProperties) = preSolution
		HideSolutionNode = FALSE
	EndGlobalSection
	GlobalSection(ExtensibilityGlobals) = postSolution
		SolutionGuid = {915D49A1-21BA-4E3C-ABDE-33187B9E8C77}
	EndGlobalSection
EndGlobal
